
Microsoft Visual Studio Solution File, Format Version 11.00
# Visual C# Express 2010
Project("{FAE04EC0-301F-11D3-BF4B-00C04F79EFBC}") = "Komodo", "Komodo\Komodo.csproj", "{CE4D21A7-E4DB-4957-B1B0-72547A9F285A}"
EndProject
Project("{FAE04EC0-301F-11D3-BF4B-00C04F79EFBC}") = "Kamus", "Kamus\Kamus.csproj", "{ACDA4183-F6CE-40C2-93F2-4560AB8D9960}"
EndProject
Global
	GlobalSection(SolutionConfigurationPlatforms) = preSolution
		Debug|x86 = Debug|x86
		Release|x86 = Release|x86
	EndGlobalSection
	GlobalSection(ProjectConfigurationPlatforms) = postSolution
		{CE4D21A7-E4DB-4957-B1B0-72547A9F285A}.Debug|x86.ActiveCfg = Debug|x86
		{CE4D21A7-E4DB-4957-B1B0-72547A9F285A}.Debug|x86.Build.0 = Debug|x86
		{CE4D21A7-E4DB-4957-B1B0-72547A9F285A}.Release|x86.ActiveCfg = Release|x86
		{CE4D21A7-E4DB-4957-B1B0-72547A9F285A}.Release|x86.Build.0 = Release|x86
		{ACDA4183-F6CE-40C2-93F2-4560AB8D9960}.Debug|x86.ActiveCfg = Debug|x86
		{ACDA4183-F6CE-40C2-93F2-4560AB8D9960}.Debug|x86.Build.0 = Debug|x86
		{ACDA4183-F6CE-40C2-93F2-4560AB8D9960}.Release|x86.ActiveCfg = Release|x86
		{ACDA4183-F6CE-40C2-93F2-4560AB8D9960}.Release|x86.Build.0 = Release|x86
	EndGlobalSection
	GlobalSection(SolutionProperties) = preSolution
		HideSolutionNode = FALSE
	EndGlobalSection
EndGlobal
